
Microsoft Visual Studio Solution File, Format Version 12.00
# Visual Studio Version 16
VisualStudioVersion = 16.0.28721.148
MinimumVisualStudioVersion = 10.0.40219.1
Project("{FAE04EC0-301F-11D3-BF4B-00C04F79EFBC}") = "mpDwgBase", "mpDwgBase\mpDwgBase.csproj", "{826E9F36-4200-4C0F-85FE-AA55A629D075}"
EndProject
Project("{9A19103F-16F7-4668-BE54-9A1E7A4F7556}") = "_build", "build\_build.csproj", "{6AE591AC-2A63-4C6E-9968-D083A1B2C19D}"
EndProject
Global
	GlobalSection(SolutionConfigurationPlatforms) = preSolution
		A2013|x64 = A2013|x64
		A2014|x64 = A2014|x64
		A2015|x64 = A2015|x64
		A2016|x64 = A2016|x64
		A2017|x64 = A2017|x64
		A2018|x64 = A2018|x64
		A2019|x64 = A2019|x64
		A2020|x64 = A2020|x64
		Debug|x64 = Debug|x64
	EndGlobalSection
	GlobalSection(ProjectConfigurationPlatforms) = postSolution
		{826E9F36-4200-4C0F-85FE-AA55A629D075}.A2013|x64.ActiveCfg = A2013|x64
		{826E9F36-4200-4C0F-85FE-AA55A629D075}.A2013|x64.Build.0 = A2013|x64
		{826E9F36-4200-4C0F-85FE-AA55A629D075}.A2014|x64.ActiveCfg = A2014|x64
		{826E9F36-4200-4C0F-85FE-AA55A629D075}.A2014|x64.Build.0 = A2014|x64
		{826E9F36-4200-4C0F-85FE-AA55A629D075}.A2015|x64.ActiveCfg = A2015|x64
		{826E9F36-4200-4C0F-85FE-AA55A629D075}.A2015|x64.Build.0 = A2015|x64
		{826E9F36-4200-4C0F-85FE-AA55A629D075}.A2016|x64.ActiveCfg = A2016|x64
		{826E9F36-4200-4C0F-85FE-AA55A629D075}.A2016|x64.Build.0 = A2016|x64
		{826E9F36-4200-4C0F-85FE-AA55A629D075}.A2017|x64.ActiveCfg = A2017|x64
		{826E9F36-4200-4C0F-85FE-AA55A629D075}.A2017|x64.Build.0 = A2017|x64
		{826E9F36-4200-4C0F-85FE-AA55A629D075}.A2018|x64.ActiveCfg = A2018|x64
		{826E9F36-4200-4C0F-85FE-AA55A629D075}.A2018|x64.Build.0 = A2018|x64
		{826E9F36-4200-4C0F-85FE-AA55A629D075}.A2019|x64.ActiveCfg = A2019|x64
		{826E9F36-4200-4C0F-85FE-AA55A629D075}.A2019|x64.Build.0 = A2019|x64
		{826E9F36-4200-4C0F-85FE-AA55A629D075}.A2020|x64.ActiveCfg = A2020|x64
		{826E9F36-4200-4C0F-85FE-AA55A629D075}.A2020|x64.Build.0 = A2020|x64
		{826E9F36-4200-4C0F-85FE-AA55A629D075}.Debug|x64.ActiveCfg = Debug|x64
		{6AE591AC-2A63-4C6E-9968-D083A1B2C19D}.A2013|x64.ActiveCfg = Debug|Any CPU
		{6AE591AC-2A63-4C6E-9968-D083A1B2C19D}.A2013|x64.Build.0 = Debug|Any CPU
		{6AE591AC-2A63-4C6E-9968-D083A1B2C19D}.A2014|x64.ActiveCfg = Debug|Any CPU
		{6AE591AC-2A63-4C6E-9968-D083A1B2C19D}.A2014|x64.Build.0 = Debug|Any CPU
		{6AE591AC-2A63-4C6E-9968-D083A1B2C19D}.A2015|x64.ActiveCfg = Debug|Any CPU
		{6AE591AC-2A63-4C6E-9968-D083A1B2C19D}.A2015|x64.Build.0 = Debug|Any CPU
		{6AE591AC-2A63-4C6E-9968-D083A1B2C19D}.A2016|x64.ActiveCfg = Debug|Any CPU
		{6AE591AC-2A63-4C6E-9968-D083A1B2C19D}.A2016|x64.Build.0 = Debug|Any CPU
		{6AE591AC-2A63-4C6E-9968-D083A1B2C19D}.A2017|x64.ActiveCfg = Debug|Any CPU
		{6AE591AC-2A63-4C6E-9968-D083A1B2C19D}.A2017|x64.Build.0 = Debug|Any CPU
		{6AE591AC-2A63-4C6E-9968-D083A1B2C19D}.A2018|x64.ActiveCfg = Debug|Any CPU
		{6AE591AC-2A63-4C6E-9968-D083A1B2C19D}.A2018|x64.Build.0 = Debug|Any CPU
		{6AE591AC-2A63-4C6E-9968-D083A1B2C19D}.A2019|x64.ActiveCfg = Debug|Any CPU
		{6AE591AC-2A63-4C6E-9968-D083A1B2C19D}.A2019|x64.Build.0 = Debug|Any CPU
		{6AE591AC-2A63-4C6E-9968-D083A1B2C19D}.A2020|x64.ActiveCfg = Debug|Any CPU
		{6AE591AC-2A63-4C6E-9968-D083A1B2C19D}.A2020|x64.Build.0 = Debug|Any CPU
		{6AE591AC-2A63-4C6E-9968-D083A1B2C19D}.Debug|x64.ActiveCfg = Debug|Any CPU
		{6AE591AC-2A63-4C6E-9968-D083A1B2C19D}.Debug|x64.Build.0 = Debug|Any CPU
	EndGlobalSection
	GlobalSection(SolutionProperties) = preSolution
		HideSolutionNode = FALSE
	EndGlobalSection
	GlobalSection(ExtensibilityGlobals) = postSolution
		SolutionGuid = {A72DB758-B922-445B-ADE6-062D5AF400DE}
	EndGlobalSection
EndGlobal
